{
  "version": 4,
  "terraform_version": "1.9.5",
  "serial": 1,
  "lineage": "3327b13f-012c-ff6c-2333-79723568d525",
  "outputs": {},
  "resources": [
    {
      "module": "module.create_vm",
      "mode": "managed",
      "type": "yandex_compute_instance",
      "name": "vm",
      "provider": "module.create_vm.provider[\"registry.terraform.io/yandex-cloud/yandex\"]",
      "instances": [
        {
          "schema_version": 1,
          "attributes": {
            "allow_recreate": null,
            "allow_stopping_for_update": null,
            "boot_disk": [
              {
                "auto_delete": true,
                "device_name": "fhmg98retmd1s0umup7r",
                "disk_id": "fhmg98retmd1s0umup7r",
                "initialize_params": [
                  {
                    "block_size": 4096,
                    "description": "",
                    "image_id": "fd86t95gnivk955ulbq8",
                    "name": "",
                    "size": 5,
                    "snapshot_id": "",
                    "type": "network-hdd"
                  }
                ],
                "mode": "READ_WRITE"
              }
            ],
            "created_at": "2024-09-09T03:30:33Z",
            "description": "",
            "filesystem": [],
            "folder_id": "b1gh02vl4lcsdc52krnt",
            "fqdn": "fhmkn8755bhbl4rqn4st.auto.internal",
            "gpu_cluster_id": "",
            "hostname": "",
            "id": "fhmkn8755bhbl4rqn4st",
            "labels": null,
            "local_disk": [],
            "maintenance_grace_period": "",
            "maintenance_policy": null,
            "metadata": null,
            "metadata_options": [
              {
                "aws_v1_http_endpoint": 1,
                "aws_v1_http_token": 2,
                "gce_http_endpoint": 1,
                "gce_http_token": 1
              }
            ],
            "name": "my-vm",
            "network_acceleration_type": "standard",
            "network_interface": [
              {
                "dns_record": [],
                "index": 0,
                "ip_address": "10.128.0.4",
                "ipv4": true,
                "ipv6": false,
                "ipv6_address": "",
                "ipv6_dns_record": [],
                "mac_address": "d0:0d:14:ba:0e:52",
                "nat": true,
                "nat_dns_record": [],
                "nat_ip_address": "51.250.64.79",
                "nat_ip_version": "IPV4",
                "security_group_ids": [],
                "subnet_id": "e9b72uvnks76jsr92hcb"
              }
            ],
            "placement_policy": [
              {
                "host_affinity_rules": [],
                "placement_group_id": "",
                "placement_group_partition": 0
              }
            ],
            "platform_id": "standard-v1",
            "resources": [
              {
                "core_fraction": 100,
                "cores": 2,
                "gpus": 0,
                "memory": 2
              }
            ],
            "scheduling_policy": [
              {
                "preemptible": false
              }
            ],
            "secondary_disk": [],
            "service_account_id": "",
            "status": "running",
            "timeouts": null,
            "zone": "ru-central1-a"
          },
          "sensitive_attributes": [],
          "private": "eyJlMmJmYjczMC1lY2FhLTExZTYtOGY4OC0zNDM2M2JjN2M0YzAiOnsiY3JlYXRlIjozMDAwMDAwMDAwMDAsImRlbGV0ZSI6MzAwMDAwMDAwMDAwLCJ1cGRhdGUiOjMwMDAwMDAwMDAwMH0sInNjaGVtYV92ZXJzaW9uIjoiMSJ9",
          "dependencies": [
            "module.create_vm.module.data_subnets.data.yandex_vpc_subnet.all"
          ]
        }
      ]
    },
    {
      "module": "module.create_vm.module.data_subnets",
      "mode": "data",
      "type": "yandex_vpc_subnet",
      "name": "all",
      "provider": "module.create_vm.module.data_subnets.provider[\"registry.terraform.io/yandex-cloud/yandex\"]",
      "instances": [
        {
          "index_key": "b0c73ppt5pag98tobnoe",
          "schema_version": 0,
          "attributes": {
            "created_at": "2023-12-09T04:45:08Z",
            "description": "Auto-created default subnet for zone ru-central1-c in default",
            "dhcp_options": [],
            "folder_id": "b1gh02vl4lcsdc52krnt",
            "id": "b0c73ppt5pag98tobnoe",
            "labels": {},
            "name": "default-ru-central1-c",
            "network_id": "enp9ci0evtsi96u83geh",
            "route_table_id": "",
            "subnet_id": "b0c73ppt5pag98tobnoe",
            "v4_cidr_blocks": [
              "10.130.0.0/24"
            ],
            "v6_cidr_blocks": [],
            "zone": "ru-central1-c"
          },
          "sensitive_attributes": []
        },
        {
          "index_key": "e2lubj9pnfn3odbv9ps1",
          "schema_version": 0,
          "attributes": {
            "created_at": "2023-12-09T04:45:08Z",
            "description": "Auto-created default subnet for zone ru-central1-b in default",
            "dhcp_options": [],
            "folder_id": "b1gh02vl4lcsdc52krnt",
            "id": "e2lubj9pnfn3odbv9ps1",
            "labels": {},
            "name": "default-ru-central1-b",
            "network_id": "enp9ci0evtsi96u83geh",
            "route_table_id": "",
            "subnet_id": "e2lubj9pnfn3odbv9ps1",
            "v4_cidr_blocks": [
              "10.129.0.0/24"
            ],
            "v6_cidr_blocks": [],
            "zone": "ru-central1-b"
          },
          "sensitive_attributes": []
        },
        {
          "index_key": "e9b72uvnks76jsr92hcb",
          "schema_version": 0,
          "attributes": {
            "created_at": "2023-12-09T04:45:08Z",
            "description": "Auto-created default subnet for zone ru-central1-a in default",
            "dhcp_options": [],
            "folder_id": "b1gh02vl4lcsdc52krnt",
            "id": "e9b72uvnks76jsr92hcb",
            "labels": {},
            "name": "default-ru-central1-a",
            "network_id": "enp9ci0evtsi96u83geh",
            "route_table_id": "",
            "subnet_id": "e9b72uvnks76jsr92hcb",
            "v4_cidr_blocks": [
              "10.128.0.0/24"
            ],
            "v6_cidr_blocks": [],
            "zone": "ru-central1-a"
          },
          "sensitive_attributes": []
        },
        {
          "index_key": "fl8khuo0racajpk1tuvq",
          "schema_version": 0,
          "attributes": {
            "created_at": "2023-12-09T04:45:09Z",
            "description": "Auto-created default subnet for zone ru-central1-d in default",
            "dhcp_options": [],
            "folder_id": "b1gh02vl4lcsdc52krnt",
            "id": "fl8khuo0racajpk1tuvq",
            "labels": {},
            "name": "default-ru-central1-d",
            "network_id": "enp9ci0evtsi96u83geh",
            "route_table_id": "",
            "subnet_id": "fl8khuo0racajpk1tuvq",
            "v4_cidr_blocks": [
              "10.131.0.0/24"
            ],
            "v6_cidr_blocks": [],
            "zone": "ru-central1-d"
          },
          "sensitive_attributes": []
        }
      ]
    },
    {
      "module": "module.data_subnets",
      "mode": "data",
      "type": "yandex_vpc_subnet",
      "name": "all",
      "provider": "module.data_subnets.provider[\"registry.terraform.io/yandex-cloud/yandex\"]",
      "instances": [
        {
          "index_key": "b0c73ppt5pag98tobnoe",
          "schema_version": 0,
          "attributes": {
            "created_at": "2023-12-09T04:45:08Z",
            "description": "Auto-created default subnet for zone ru-central1-c in default",
            "dhcp_options": [],
            "folder_id": "b1gh02vl4lcsdc52krnt",
            "id": "b0c73ppt5pag98tobnoe",
            "labels": {},
            "name": "default-ru-central1-c",
            "network_id": "enp9ci0evtsi96u83geh",
            "route_table_id": "",
            "subnet_id": "b0c73ppt5pag98tobnoe",
            "v4_cidr_blocks": [
              "10.130.0.0/24"
            ],
            "v6_cidr_blocks": [],
            "zone": "ru-central1-c"
          },
          "sensitive_attributes": []
        },
        {
          "index_key": "e2lubj9pnfn3odbv9ps1",
          "schema_version": 0,
          "attributes": {
            "created_at": "2023-12-09T04:45:08Z",
            "description": "Auto-created default subnet for zone ru-central1-b in default",
            "dhcp_options": [],
            "folder_id": "b1gh02vl4lcsdc52krnt",
            "id": "e2lubj9pnfn3odbv9ps1",
            "labels": {},
            "name": "default-ru-central1-b",
            "network_id": "enp9ci0evtsi96u83geh",
            "route_table_id": "",
            "subnet_id": "e2lubj9pnfn3odbv9ps1",
            "v4_cidr_blocks": [
              "10.129.0.0/24"
            ],
            "v6_cidr_blocks": [],
            "zone": "ru-central1-b"
          },
          "sensitive_attributes": []
        },
        {
          "index_key": "e9b72uvnks76jsr92hcb",
          "schema_version": 0,
          "attributes": {
            "created_at": "2023-12-09T04:45:08Z",
            "description": "Auto-created default subnet for zone ru-central1-a in default",
            "dhcp_options": [],
            "folder_id": "b1gh02vl4lcsdc52krnt",
            "id": "e9b72uvnks76jsr92hcb",
            "labels": {},
            "name": "default-ru-central1-a",
            "network_id": "enp9ci0evtsi96u83geh",
            "route_table_id": "",
            "subnet_id": "e9b72uvnks76jsr92hcb",
            "v4_cidr_blocks": [
              "10.128.0.0/24"
            ],
            "v6_cidr_blocks": [],
            "zone": "ru-central1-a"
          },
          "sensitive_attributes": []
        },
        {
          "index_key": "fl8khuo0racajpk1tuvq",
          "schema_version": 0,
          "attributes": {
            "created_at": "2023-12-09T04:45:09Z",
            "description": "Auto-created default subnet for zone ru-central1-d in default",
            "dhcp_options": [],
            "folder_id": "b1gh02vl4lcsdc52krnt",
            "id": "fl8khuo0racajpk1tuvq",
            "labels": {},
            "name": "default-ru-central1-d",
            "network_id": "enp9ci0evtsi96u83geh",
            "route_table_id": "",
            "subnet_id": "fl8khuo0racajpk1tuvq",
            "v4_cidr_blocks": [
              "10.131.0.0/24"
            ],
            "v6_cidr_blocks": [],
            "zone": "ru-central1-d"
          },
          "sensitive_attributes": []
        }
      ]
    }
  ],
  "check_results": null
}
